// !$*UTF8*$!
{
	archiveVersion = 1;
	classes = {
	};
	objectVersion = 56;
	objects = {

/* Begin PBXBuildFile section */
		096B43C62B6CDD330026FAC7 /* AppDelegate.swift in Sources */ = {isa = PBXBuildFile; fileRef = 096B43C52B6CDD330026FAC7 /* AppDelegate.swift */; };
		096B43C82B6CDD330026FAC7 /* SceneDelegate.swift in Sources */ = {isa = PBXBuildFile; fileRef = 096B43C72B6CDD330026FAC7 /* SceneDelegate.swift */; };
		096B43CA2B6CDD330026FAC7 /* ViewController.swift in Sources */ = {isa = PBXBuildFile; fileRef = 096B43C92B6CDD330026FAC7 /* ViewController.swift */; };
		096B43CD2B6CDD330026FAC7 /* Main.storyboard in Resources */ = {isa = PBXBuildFile; fileRef = 096B43CB2B6CDD330026FAC7 /* Main.storyboard */; };
		096B43CF2B6CDD340026FAC7 /* Assets.xcassets in Resources */ = {isa = PBXBuildFile; fileRef = 096B43CE2B6CDD340026FAC7 /* Assets.xcassets */; };
		096B43D22B6CDD340026FAC7 /* LaunchScreen.storyboard in Resources */ = {isa = PBXBuildFile; fileRef = 096B43D02B6CDD340026FAC7 /* LaunchScreen.storyboard */; };
		096B43DB2B6CDD480026FAC7 /* SnapKit in Frameworks */ = {isa = PBXBuildFile; productRef = 096B43DA2B6CDD480026FAC7 /* SnapKit */; };
		096B43DD2B6CDD7C0026FAC7 /* CollectionViewCell.swift in Sources */ = {isa = PBXBuildFile; fileRef = 096B43DC2B6CDD7C0026FAC7 /* CollectionViewCell.swift */; };
		096B43DF2B6CDDB30026FAC7 /* View.swift in Sources */ = {isa = PBXBuildFile; fileRef = 096B43DE2B6CDDB30026FAC7 /* View.swift */; };
		096B43E12B6CDDD70026FAC7 /* Entity.swift in Sources */ = {isa = PBXBuildFile; fileRef = 096B43E02B6CDDD70026FAC7 /* Entity.swift */; };
		096B43E32B6CDDF90026FAC7 /* Const.swift in Sources */ = {isa = PBXBuildFile; fileRef = 096B43E22B6CDDF90026FAC7 /* Const.swift */; };
/* End PBXBuildFile section */

/* Begin PBXFileReference section */
		096B43C22B6CDD330026FAC7 /* ExCarousel.app */ = {isa = PBXFileReference; explicitFileType = wrapper.application; includeInIndex = 0; path = ExCarousel.app; sourceTree = BUILT_PRODUCTS_DIR; };
		096B43C52B6CDD330026FAC7 /* AppDelegate.swift */ = {isa = PBXFileReference; lastKnownFileType = sourcecode.swift; path = AppDelegate.swift; sourceTree = "<group>"; };
		096B43C72B6CDD330026FAC7 /* SceneDelegate.swift */ = {isa = PBXFileReference; lastKnownFileType = sourcecode.swift; path = SceneDelegate.swift; sourceTree = "<group>"; };
		096B43C92B6CDD330026FAC7 /* ViewController.swift */ = {isa = PBXFileReference; lastKnownFileType = sourcecode.swift; path = ViewController.swift; sourceTree = "<group>"; };
		096B43CC2B6CDD330026FAC7 /* Base */ = {isa = PBXFileReference; lastKnownFileType = file.storyboard; name = Base; path = Base.lproj/Main.storyboard; sourceTree = "<group>"; };
		096B43CE2B6CDD340026FAC7 /* Assets.xcassets */ = {isa = PBXFileReference; lastKnownFileType = folder.assetcatalog; path = Assets.xcassets; sourceTree = "<group>"; };
		096B43D12B6CDD340026FAC7 /* Base */ = {isa = PBXFileReference; lastKnownFileType = file.storyboard; name = Base; path = Base.lproj/LaunchScreen.storyboard; sourceTree = "<group>"; };
		096B43D32B6CDD340026FAC7 /* Info.plist */ = {isa = PBXFileReference; lastKnownFileType = text.plist.xml; path = Info.plist; sourceTree = "<group>"; };
		096B43DC2B6CDD7C0026FAC7 /* CollectionViewCell.swift */ = {isa = PBXFileReference; lastKnownFileType = sourcecode.swift; path = CollectionViewCell.swift; sourceTree = "<group>"; };
		096B43DE2B6CDDB30026FAC7 /* View.swift */ = {isa = PBXFileReference; lastKnownFileType = sourcecode.swift; path = View.swift; sourceTree = "<group>"; };
		096B43E02B6CDDD70026FAC7 /* Entity.swift */ = {isa = PBXFileReference; lastKnownFileType = sourcecode.swift; path = Entity.swift; sourceTree = "<group>"; };
		096B43E22B6CDDF90026FAC7 /* Const.swift */ = {isa = PBXFileReference; lastKnownFileType = sourcecode.swift; path = Const.swift; sourceTree = "<group>"; };
/* End PBXFileReference section */

/* Begin PBXFrameworksBuildPhase section */
		096B43BF2B6CDD330026FAC7 /* Frameworks */ = {
			isa = PBXFrameworksBuildPhase;
			buildActionMask = 2147483647;
			files = (
				096B43DB2B6CDD480026FAC7 /* SnapKit in Frameworks */,
			);
			runOnlyForDeploymentPostprocessing = 0;
		};
/* End PBXFrameworksBuildPhase section */

/* Begin PBXGroup section */
		096B43B92B6CDD330026FAC7 = {
			isa = PBXGroup;
			children = (
				096B43C42B6CDD330026FAC7 /* ExCarousel */,
				096B43C32B6CDD330026FAC7 /* Products */,
			);
			sourceTree = "<group>";
		};
		096B43C32B6CDD330026FAC7 /* Products */ = {
			isa = PBXGroup;
			children = (
				096B43C22B6CDD330026FAC7 /* ExCarousel.app */,
			);
			name = Products;
			sourceTree = "<group>";
		};
		096B43C42B6CDD330026FAC7 /* ExCarousel */ = {
			isa = PBXGroup;
			children = (
				096B43C52B6CDD330026FAC7 /* AppDelegate.swift */,
				096B43C72B6CDD330026FAC7 /* SceneDelegate.swift */,
				096B43C92B6CDD330026FAC7 /* ViewController.swift */,
				096B43CB2B6CDD330026FAC7 /* Main.storyboard */,
				096B43CE2B6CDD340026FAC7 /* Assets.xcassets */,
				096B43D02B6CDD340026FAC7 /* LaunchScreen.storyboard */,
				096B43D32B6CDD340026FAC7 /* Info.plist */,
				096B43DC2B6CDD7C0026FAC7 /* CollectionViewCell.swift */,
				096B43DE2B6CDDB30026FAC7 /* View.swift */,
				096B43E02B6CDDD70026FAC7 /* Entity.swift */,
				096B43E22B6CDDF90026FAC7 /* Const.swift */,
			);
			path = ExCarousel;
			sourceTree = "<group>";
		};
/* End PBXGroup section */

/* Begin PBXNativeTarget section */
		096B43C12B6CDD330026FAC7 /* ExCarousel */ = {
			isa = PBXNativeTarget;
			buildConfigurationList = 096B43D62B6CDD340026FAC7 /* Build configuration list for PBXNativeTarget "ExCarousel" */;
			buildPhases = (
				096B43BE2B6CDD330026FAC7 /* Sources */,
				096B43BF2B6CDD330026FAC7 /* Frameworks */,
				096B43C02B6CDD330026FAC7 /* Resources */,
			);
			buildRules = (
			);
			dependencies = (
			);
			name = ExCarousel;
			packageProductDependencies = (
				096B43DA2B6CDD480026FAC7 /* SnapKit */,
			);
			productName = ExCarousel;
			productReference = 096B43C22B6CDD330026FAC7 /* ExCarousel.app */;
			productType = "com.apple.product-type.application";
		};
/* End PBXNativeTarget section */

/* Begin PBXProject section */
		096B43BA2B6CDD330026FAC7 /* Project object */ = {
			isa = PBXProject;
			attributes = {
				BuildIndependentTargetsInParallel = 1;
				LastSwiftUpdateCheck = 1510;
				LastUpgradeCheck = 1510;
				TargetAttributes = {
					096B43C12B6CDD330026FAC7 = {
						CreatedOnToolsVersion = 15.1;
					};
				};
			};
			buildConfigurationList = 096B43BD2B6CDD330026FAC7 /* Build configuration list for PBXProject "ExCarousel" */;
			compatibilityVersion = "Xcode 14.0";
			developmentRegion = en;
			hasScannedForEncodings = 0;
			knownRegions = (
				en,
				Base,
			);
			mainGroup = 096B43B92B6CDD330026FAC7;
			packageReferences = (
				096B43D92B6CDD480026FAC7 /* XCRemoteSwiftPackageReference "SnapKit" */,
			);
			productRefGroup = 096B43C32B6CDD330026FAC7 /* Products */;
			projectDirPath = "";
			projectRoot = "";
			targets = (
				096B43C12B6CDD330026FAC7 /* ExCarousel */,
			);
		};
/* End PBXProject section */

/* Begin PBXResourcesBuildPhase section */
		096B43C02B6CDD330026FAC7 /* Resources */ = {
			isa = PBXResourcesBuildPhase;
			buildActionMask = 2147483647;
			files = (
				096B43D22B6CDD340026FAC7 /* LaunchScreen.storyboard in Resources */,
				096B43CF2B6CDD340026FAC7 /* Assets.xcassets in Resources */,
				096B43CD2B6CDD330026FAC7 /* Main.storyboard in Resources */,
			);
			runOnlyForDeploymentPostprocessing = 0;
		};
/* End PBXResourcesBuildPhase section */

/* Begin PBXSourcesBuildPhase section */
		096B43BE2B6CDD330026FAC7 /* Sources */ = {
			isa = PBXSourcesBuildPhase;
			buildActionMask = 2147483647;
			files = (
				096B43CA2B6CDD330026FAC7 /* ViewController.swift in Sources */,
				096B43C62B6CDD330026FAC7 /* AppDelegate.swift in Sources */,
				096B43E12B6CDDD70026FAC7 /* Entity.swift in Sources */,
				096B43DF2B6CDDB30026FAC7 /* View.swift in Sources */,
				096B43DD2B6CDD7C0026FAC7 /* CollectionViewCell.swift in Sources */,
				096B43C82B6CDD330026FAC7 /* SceneDelegate.swift in Sources */,
				096B43E32B6CDDF90026FAC7 /* Const.swift in Sources */,
			);
			runOnlyForDeploymentPostprocessing = 0;
		};
/* End PBXSourcesBuildPhase section */

/* Begin PBXVariantGroup section */
		096B43CB2B6CDD330026FAC7 /* Main.storyboard */ = {
			isa = PBXVariantGroup;
			children = (
				096B43CC2B6CDD330026FAC7 /* Base */,
			);
			name = Main.storyboard;
			sourceTree = "<group>";
		};
		096B43D02B6CDD340026FAC7 /* LaunchScreen.storyboard */ = {
			isa = PBXVariantGroup;
			children = (
				096B43D12B6CDD340026FAC7 /* Base */,
			);
			name = LaunchScreen.storyboard;
			sourceTree = "<group>";
		};
/* End PBXVariantGroup section */

/* Begin XCBuildConfiguration section */
		096B43D42B6CDD340026FAC7 /* Debug */ = {
			isa = XCBuildConfiguration;
			buildSettings = {
				ALWAYS_SEARCH_USER_PATHS = NO;
				ASSETCATALOG_COMPILER_GENERATE_SWIFT_ASSET_SYMBOL_EXTENSIONS = YES;
				CLANG_ANALYZER_NONNULL = YES;
				CLANG_ANALYZER_NUMBER_OBJECT_CONVERSION = YES_AGGRESSIVE;
				CLANG_CXX_LANGUAGE_STANDARD = "gnu++20";
				CLANG_ENABLE_MODULES = YES;
				CLANG_ENABLE_OBJC_ARC = YES;
				CLANG_ENABLE_OBJC_WEAK = YES;
				CLANG_WARN_BLOCK_CAPTURE_AUTORELEASING = YES;
				CLANG_WARN_BOOL_CONVERSION = YES;
				CLANG_WARN_COMMA = YES;
				CLANG_WARN_CONSTANT_CONVERSION = YES;
				CLANG_WARN_DEPRECATED_OBJC_IMPLEMENTATIONS = YES;
				CLANG_WARN_DIRECT_OBJC_ISA_USAGE = YES_ERROR;
				CLANG_WARN_DOCUMENTATION_COMMENTS = YES;
				CLANG_WARN_EMPTY_BODY = YES;
				CLANG_WARN_ENUM_CONVERSION = YES;
				CLANG_WARN_INFINITE_RECURSION = YES;
				CLANG_WARN_INT_CONVERSION = YES;
				CLANG_WARN_NON_LITERAL_NULL_CONVERSION = YES;
				CLANG_WARN_OBJC_IMPLICIT_RETAIN_SELF = YES;
				CLANG_WARN_OBJC_LITERAL_CONVERSION = YES;
				CLANG_WARN_OBJC_ROOT_CLASS = YES_ERROR;
				CLANG_WARN_QUOTED_INCLUDE_IN_FRAMEWORK_HEADER = YES;
				CLANG_WARN_RANGE_LOOP_ANALYSIS = YES;
				CLANG_WARN_STRICT_PROTOTYPES = YES;
				CLANG_WARN_SUSPICIOUS_MOVE = YES;
				CLANG_WARN_UNGUARDED_AVAILABILITY = YES_AGGRESSIVE;
				CLANG_WARN_UNREACHABLE_CODE = YES;
				CLANG_WARN__DUPLICATE_METHOD_MATCH = YES;
				COPY_PHASE_STRIP = NO;
				DEBUG_INFORMATION_FORMAT = dwarf;
				ENABLE_STRICT_OBJC_MSGSEND = YES;
				ENABLE_TESTABILITY = YES;
				ENABLE_USER_SCRIPT_SANDBOXING = YES;
				GCC_C_LANGUAGE_STANDARD = gnu17;
				GCC_DYNAMIC_NO_PIC = NO;
				GCC_NO_COMMON_BLOCKS = YES;
				GCC_OPTIMIZATION_LEVEL = 0;
				GCC_PREPROCESSOR_DEFINITIONS = (
					"DEBUG=1",
					"$(inherited)",
				);
				GCC_WARN_64_TO_32_BIT_CONVERSION = YES;
				GCC_WARN_ABOUT_RETURN_TYPE = YES_ERROR;
				GCC_WARN_UNDECLARED_SELECTOR = YES;
				GCC_WARN_UNINITIALIZED_AUTOS = YES_AGGRESSIVE;
				GCC_WARN_UNUSED_FUNCTION = YES;
				GCC_WARN_UNUSED_VARIABLE = YES;
				IPHONEOS_DEPLOYMENT_TARGET = 17.2;
				LOCALIZATION_PREFERS_STRING_CATALOGS = YES;
				MTL_ENABLE_DEBUG_INFO = INCLUDE_SOURCE;
				MTL_FAST_MATH = YES;
				ONLY_ACTIVE_ARCH = YES;
				SDKROOT = iphoneos;
				SWIFT_ACTIVE_COMPILATION_CONDITIONS = "DEBUG $(inherited)";
				SWIFT_OPTIMIZATION_LEVEL = "-Onone";
			};
			name = Debug;
		};
		096B43D52B6CDD340026FAC7 /* Release */ = {
			isa = XCBuildConfiguration;
			buildSettings = {
				ALWAYS_SEARCH_USER_PATHS = NO;
				ASSETCATALOG_COMPILER_GENERATE_SWIFT_ASSET_SYMBOL_EXTENSIONS = YES;
				CLANG_ANALYZER_NONNULL = YES;
				CLANG_ANALYZER_NUMBER_OBJECT_CONVERSION = YES_AGGRESSIVE;
				CLANG_CXX_LANGUAGE_STANDARD = "gnu++20";
				CLANG_ENABLE_MODULES = YES;
				CLANG_ENABLE_OBJC_ARC = YES;
				CLANG_ENABLE_OBJC_WEAK = YES;
				CLANG_WARN_BLOCK_CAPTURE_AUTORELEASING = YES;
				CLANG_WARN_BOOL_CONVERSION = YES;
				CLANG_WARN_COMMA = YES;
				CLANG_WARN_CONSTANT_CONVERSION = YES;
				CLANG_WARN_DEPRECATED_OBJC_IMPLEMENTATIONS = YES;
				CLANG_WARN_DIRECT_OBJC_ISA_USAGE = YES_ERROR;
				CLANG_WARN_DOCUMENTATION_COMMENTS = YES;
				CLANG_WARN_EMPTY_BODY = YES;
				CLANG_WARN_ENUM_CONVERSION = YES;
				CLANG_WARN_INFINITE_RECURSION = YES;
				CLANG_WARN_INT_CONVERSION = YES;
				CLANG_WARN_NON_LITERAL_NULL_CONVERSION = YES;
				CLANG_WARN_OBJC_IMPLICIT_RETAIN_SELF = YES;
				CLANG_WARN_OBJC_LITERAL_CONVERSION = YES;
				CLANG_WARN_OBJC_ROOT_CLASS = YES_ERROR;
				CLANG_WARN_QUOTED_INCLUDE_IN_FRAMEWORK_HEADER = YES;
				CLANG_WARN_RANGE_LOOP_ANALYSIS = YES;
				CLANG_WARN_STRICT_PROTOTYPES = YES;
				CLANG_WARN_SUSPICIOUS_MOVE = YES;
				CLANG_WARN_UNGUARDED_AVAILABILITY = YES_AGGRESSIVE;
				CLANG_WARN_UNREACHABLE_CODE = YES;
				CLANG_WARN__DUPLICATE_METHOD_MATCH = YES;
				COPY_PHASE_STRIP = NO;
				DEBUG_INFORMATION_FORMAT = "dwarf-with-dsym";
				ENABLE_NS_ASSERTIONS = NO;
				ENABLE_STRICT_OBJC_MSGSEND = YES;
				ENABLE_USER_SCRIPT_SANDBOXING = YES;
				GCC_C_LANGUAGE_STANDARD = gnu17;
				GCC_NO_COMMON_BLOCKS = YES;
				GCC_WARN_64_TO_32_BIT_CONVERSION = YES;
				GCC_WARN_ABOUT_RETURN_TYPE = YES_ERROR;
				GCC_WARN_UNDECLARED_SELECTOR = YES;
				GCC_WARN_UNINITIALIZED_AUTOS = YES_AGGRESSIVE;
				GCC_WARN_UNUSED_FUNCTION = YES;
				GCC_WARN_UNUSED_VARIABLE = YES;
				IPHONEOS_DEPLOYMENT_TARGET = 17.2;
				LOCALIZATION_PREFERS_STRING_CATALOGS = YES;
				MTL_ENABLE_DEBUG_INFO = NO;
				MTL_FAST_MATH = YES;
				SDKROOT = iphoneos;
				SWIFT_COMPILATION_MODE = wholemodule;
				VALIDATE_PRODUCT = YES;
			};
			name = Release;
		};
		096B43D72B6CDD340026FAC7 /* Debug */ = {
			isa = XCBuildConfiguration;
			buildSettings = {
				ASSETCATALOG_COMPILER_APPICON_NAME = AppIcon;
				ASSETCATALOG_COMPILER_GLOBAL_ACCENT_COLOR_NAME = AccentColor;
				CODE_SIGN_STYLE = Automatic;
				CURRENT_PROJECT_VERSION = 1;
				GENERATE_INFOPLIST_FILE = YES;
				INFOPLIST_FILE = ExCarousel/Info.plist;
				INFOPLIST_KEY_UIApplicationSupportsIndirectInputEvents = YES;
				INFOPLIST_KEY_UILaunchStoryboardName = LaunchScreen;
				INFOPLIST_KEY_UIMainStoryboardFile = "";
				INFOPLIST_KEY_UISupportedInterfaceOrientations_iPad = "UIInterfaceOrientationPortrait UIInterfaceOrientationPortraitUpsideDown UIInterfaceOrientationLandscapeLeft UIInterfaceOrientationLandscapeRight";
				INFOPLIST_KEY_UISupportedInterfaceOrientations_iPhone = "UIInterfaceOrientationPortrait UIInterfaceOrientationLandscapeLeft UIInterfaceOrientationLandscapeRight";
				LD_RUNPATH_SEARCH_PATHS = (
					"$(inherited)",
					"@executable_path/Frameworks",
				);
				MARKETING_VERSION = 1.0;
				PRODUCT_BUNDLE_IDENTIFIER = com.joo.ExCarousel;
				PRODUCT_NAME = "$(TARGET_NAME)";
				SWIFT_EMIT_LOC_STRINGS = YES;
				SWIFT_VERSION = 5.0;
				TARGETED_DEVICE_FAMILY = "1,2";
			};
			name = Debug;
		};
		096B43D82B6CDD340026FAC7 /* Release */ = {
			isa = XCBuildConfiguration;
			buildSettings = {
				ASSETCATALOG_COMPILER_APPICON_NAME = AppIcon;
				ASSETCATALOG_COMPILER_GLOBAL_ACCENT_COLOR_NAME = AccentColor;
				CODE_SIGN_STYLE = Automatic;
				CURRENT_PROJECT_VERSION = 1;
				GENERATE_INFOPLIST_FILE = YES;
				INFOPLIST_FILE = ExCarousel/Info.plist;
				INFOPLIST_KEY_UIApplicationSupportsIndirectInputEvents = YES;
				INFOPLIST_KEY_UILaunchStoryboardName = LaunchScreen;
				INFOPLIST_KEY_UIMainStoryboardFile = "";
				INFOPLIST_KEY_UISupportedInterfaceOrientations_iPad = "UIInterfaceOrientationPortrait UIInterfaceOrientationPortraitUpsideDown UIInterfaceOrientationLandscapeLeft UIInterfaceOrientationLandscapeRight";
				INFOPLIST_KEY_UISupportedInterfaceOrientations_iPhone = "UIInterfaceOrientationPortrait UIInterfaceOrientationLandscapeLeft UIInterfaceOrientationLandscapeRight";
				LD_RUNPATH_SEARCH_PATHS = (
					"$(inherited)",
					"@executable_path/Frameworks",
				);
				MARKETING_VERSION = 1.0;
				PRODUCT_BUNDLE_IDENTIFIER = com.joo.ExCarousel;
				PRODUCT_NAME = "$(TARGET_NAME)";
				SWIFT_EMIT_LOC_STRINGS = YES;
				SWIFT_VERSION = 5.0;
				TARGETED_DEVICE_FAMILY = "1,2";
			};
			name = Release;
		};
/* End XCBuildConfiguration section */

/* Begin XCConfigurationList section */
		096B43BD2B6CDD330026FAC7 /* Build configuration list for PBXProject "ExCarousel" */ = {
			isa = XCConfigurationList;
			buildConfigurations = (
				096B43D42B6CDD340026FAC7 /* Debug */,
				096B43D52B6CDD340026FAC7 /* Release */,
			);
			defaultConfigurationIsVisible = 0;
			defaultConfigurationName = Release;
		};
		096B43D62B6CDD340026FAC7 /* Build configuration list for PBXNativeTarget "ExCarousel" */ = {
			isa = XCConfigurationList;
			buildConfigurations = (
				096B43D72B6CDD340026FAC7 /* Debug */,
				096B43D82B6CDD340026FAC7 /* Release */,
			);
			defaultConfigurationIsVisible = 0;
			defaultConfigurationName = Release;
		};
/* End XCConfigurationList section */

/* Begin XCRemoteSwiftPackageReference section */
		096B43D92B6CDD480026FAC7 /* XCRemoteSwiftPackageReference "SnapKit" */ = {
			isa = XCRemoteSwiftPackageReference;
			repositoryURL = "https://github.com/SnapKit/SnapKit";
			requirement = {
				kind = upToNextMajorVersion;
				minimumVersion = 5.7.0;
			};
		};
/* End XCRemoteSwiftPackageReference section */

/* Begin XCSwiftPackageProductDependency section */
		096B43DA2B6CDD480026FAC7 /* SnapKit */ = {
			isa = XCSwiftPackageProductDependency;
			package = 096B43D92B6CDD480026FAC7 /* XCRemoteSwiftPackageReference "SnapKit" */;
			productName = SnapKit;
		};
/* End XCSwiftPackageProductDependency section */
	};
	rootObject = 096B43BA2B6CDD330026FAC7 /* Project object */;
}
